// !$*UTF8*$!
{
	archiveVersion = 1;
	classes = {
	};
	objectVersion = 46;
	objects = {

/* Begin PBXBuildFile section */
		94858E2D1C3797FC0027E9F0 /* AppDelegate.swift in Sources */ = {isa = PBXBuildFile; fileRef = 94858E2C1C3797FC0027E9F0 /* AppDelegate.swift */; };
		94858E2F1C3797FC0027E9F0 /* ViewController.swift in Sources */ = {isa = PBXBuildFile; fileRef = 94858E2E1C3797FC0027E9F0 /* ViewController.swift */; };
		94858E321C3797FC0027E9F0 /* Main.storyboard in Resources */ = {isa = PBXBuildFile; fileRef = 94858E301C3797FC0027E9F0 /* Main.storyboard */; };
		94858E341C3797FC0027E9F0 /* Assets.xcassets in Resources */ = {isa = PBXBuildFile; fileRef = 94858E331C3797FC0027E9F0 /* Assets.xcassets */; };
		94858E371C3797FC0027E9F0 /* LaunchScreen.storyboard in Resources */ = {isa = PBXBuildFile; fileRef = 94858E351C3797FC0027E9F0 /* LaunchScreen.storyboard */; };
		94858E421C3797FC0027E9F0 /* Hello_World_Practice_02Tests.swift in Sources */ = {isa = PBXBuildFile; fileRef = 94858E411C3797FC0027E9F0 /* Hello_World_Practice_02Tests.swift */; };
		94858E4D1C3797FC0027E9F0 /* Hello_World_Practice_02UITests.swift in Sources */ = {isa = PBXBuildFile; fileRef = 94858E4C1C3797FC0027E9F0 /* Hello_World_Practice_02UITests.swift */; };
/* End PBXBuildFile section */

/* Begin PBXContainerItemProxy section */
		94858E3E1C3797FC0027E9F0 /* PBXContainerItemProxy */ = {
			isa = PBXContainerItemProxy;
			containerPortal = 94858E211C3797FC0027E9F0 /* Project object */;
			proxyType = 1;
			remoteGlobalIDString = 94858E281C3797FC0027E9F0;
			remoteInfo = "Hello World Practice 02";
		};
		94858E491C3797FC0027E9F0 /* PBXContainerItemProxy */ = {
			isa = PBXContainerItemProxy;
			containerPortal = 94858E211C3797FC0027E9F0 /* Project object */;
			proxyType = 1;
			remoteGlobalIDString = 94858E281C3797FC0027E9F0;
			remoteInfo = "Hello World Practice 02";
		};
/* End PBXContainerItemProxy section */

/* Begin PBXFileReference section */
		94858E291C3797FC0027E9F0 /* Hello World Practice 02.app */ = {isa = PBXFileReference; explicitFileType = wrapper.application; includeInIndex = 0; path = "Hello World Practice 02.app"; sourceTree = BUILT_PRODUCTS_DIR; };
		94858E2C1C3797FC0027E9F0 /* AppDelegate.swift */ = {isa = PBXFileReference; lastKnownFileType = sourcecode.swift; path = AppDelegate.swift; sourceTree = "<group>"; };
		94858E2E1C3797FC0027E9F0 /* ViewController.swift */ = {isa = PBXFileReference; lastKnownFileType = sourcecode.swift; path = ViewController.swift; sourceTree = "<group>"; };
		94858E311C3797FC0027E9F0 /* Base */ = {isa = PBXFileReference; lastKnownFileType = file.storyboard; name = Base; path = Base.lproj/Main.storyboard; sourceTree = "<group>"; };
		94858E331C3797FC0027E9F0 /* Assets.xcassets */ = {isa = PBXFileReference; lastKnownFileType = folder.assetcatalog; path = Assets.xcassets; sourceTree = "<group>"; };
		94858E361C3797FC0027E9F0 /* Base */ = {isa = PBXFileReference; lastKnownFileType = file.storyboard; name = Base; path = Base.lproj/LaunchScreen.storyboard; sourceTree = "<group>"; };
		94858E381C3797FC0027E9F0 /* Info.plist */ = {isa = PBXFileReference; lastKnownFileType = text.plist.xml; path = Info.plist; sourceTree = "<group>"; };
		94858E3D1C3797FC0027E9F0 /* Hello World Practice 02Tests.xctest */ = {isa = PBXFileReference; explicitFileType = wrapper.cfbundle; includeInIndex = 0; path = "Hello World Practice 02Tests.xctest"; sourceTree = BUILT_PRODUCTS_DIR; };
		94858E411C3797FC0027E9F0 /* Hello_World_Practice_02Tests.swift */ = {isa = PBXFileReference; lastKnownFileType = sourcecode.swift; path = Hello_World_Practice_02Tests.swift; sourceTree = "<group>"; };
		94858E431C3797FC0027E9F0 /* Info.plist */ = {isa = PBXFileReference; lastKnownFileType = text.plist.xml; path = Info.plist; sourceTree = "<group>"; };
		94858E481C3797FC0027E9F0 /* Hello World Practice 02UITests.xctest */ = {isa = PBXFileReference; explicitFileType = wrapper.cfbundle; includeInIndex = 0; path = "Hello World Practice 02UITests.xctest"; sourceTree = BUILT_PRODUCTS_DIR; };
		94858E4C1C3797FC0027E9F0 /* Hello_World_Practice_02UITests.swift */ = {isa = PBXFileReference; lastKnownFileType = sourcecode.swift; path = Hello_World_Practice_02UITests.swift; sourceTree = "<group>"; };
		94858E4E1C3797FC0027E9F0 /* Info.plist */ = {isa = PBXFileReference; lastKnownFileType = text.plist.xml; path = Info.plist; sourceTree = "<group>"; };
/* End PBXFileReference section */

/* Begin PBXFrameworksBuildPhase section */
		94858E261C3797FC0027E9F0 /* Frameworks */ = {
			isa = PBXFrameworksBuildPhase;
			buildActionMask = 2147483647;
			files = (
			);
			runOnlyForDeploymentPostprocessing = 0;
		};
		94858E3A1C3797FC0027E9F0 /* Frameworks */ = {
			isa = PBXFrameworksBuildPhase;
			buildActionMask = 2147483647;
			files = (
			);
			runOnlyForDeploymentPostprocessing = 0;
		};
		94858E451C3797FC0027E9F0 /* Frameworks */ = {
			isa = PBXFrameworksBuildPhase;
			buildActionMask = 2147483647;
			files = (
			);
			runOnlyForDeploymentPostprocessing = 0;
		};
/* End PBXFrameworksBuildPhase section */

/* Begin PBXGroup section */
		94858E201C3797FC0027E9F0 = {
			isa = PBXGroup;
			children = (
				94858E2B1C3797FC0027E9F0 /* Hello World Practice 02 */,
				94858E401C3797FC0027E9F0 /* Hello World Practice 02Tests */,
				94858E4B1C3797FC0027E9F0 /* Hello World Practice 02UITests */,
				94858E2A1C3797FC0027E9F0 /* Products */,
			);
			sourceTree = "<group>";
		};
		94858E2A1C3797FC0027E9F0 /* Products */ = {
			isa = PBXGroup;
			children = (
				94858E291C3797FC0027E9F0 /* Hello World Practice 02.app */,
				94858E3D1C3797FC0027E9F0 /* Hello World Practice 02Tests.xctest */,
				94858E481C3797FC0027E9F0 /* Hello World Practice 02UITests.xctest */,
			);
			name = Products;
			sourceTree = "<group>";
		};
		94858E2B1C3797FC0027E9F0 /* Hello World Practice 02 */ = {
			isa = PBXGroup;
			children = (
				94858E2C1C3797FC0027E9F0 /* AppDelegate.swift */,
				94858E2E1C3797FC0027E9F0 /* ViewController.swift */,
				94858E301C3797FC0027E9F0 /* Main.storyboard */,
				94858E331C3797FC0027E9F0 /* Assets.xcassets */,
				94858E351C3797FC0027E9F0 /* LaunchScreen.storyboard */,
				94858E381C3797FC0027E9F0 /* Info.plist */,
			);
			path = "Hello World Practice 02";
			sourceTree = "<group>";
		};
		94858E401C3797FC0027E9F0 /* Hello World Practice 02Tests */ = {
			isa = PBXGroup;
			children = (
				94858E411C3797FC0027E9F0 /* Hello_World_Practice_02Tests.swift */,
				94858E431C3797FC0027E9F0 /* Info.plist */,
			);
			path = "Hello World Practice 02Tests";
			sourceTree = "<group>";
		};
		94858E4B1C3797FC0027E9F0 /* Hello World Practice 02UITests */ = {
			isa = PBXGroup;
			children = (
				94858E4C1C3797FC0027E9F0 /* Hello_World_Practice_02UITests.swift */,
				94858E4E1C3797FC0027E9F0 /* Info.plist */,
			);
			path = "Hello World Practice 02UITests";
			sourceTree = "<group>";
		};
/* End PBXGroup section */

/* Begin PBXNativeTarget section */
		94858E281C3797FC0027E9F0 /* Hello World Practice 02 */ = {
			isa = PBXNativeTarget;
			buildConfigurationList = 94858E511C3797FC0027E9F0 /* Build configuration list for PBXNativeTarget "Hello World Practice 02" */;
			buildPhases = (
				94858E251C3797FC0027E9F0 /* Sources */,
				94858E261C3797FC0027E9F0 /* Frameworks */,
				94858E271C3797FC0027E9F0 /* Resources */,
			);
			buildRules = (
			);
			dependencies = (
			);
			name = "Hello World Practice 02";
			productName = "Hello World Practice 02";
			productReference = 94858E291C3797FC0027E9F0 /* Hello World Practice 02.app */;
			productType = "com.apple.product-type.application";
		};
		94858E3C1C3797FC0027E9F0 /* Hello World Practice 02Tests */ = {
			isa = PBXNativeTarget;
			buildConfigurationList = 94858E541C3797FC0027E9F0 /* Build configuration list for PBXNativeTarget "Hello World Practice 02Tests" */;
			buildPhases = (
				94858E391C3797FC0027E9F0 /* Sources */,
				94858E3A1C3797FC0027E9F0 /* Frameworks */,
				94858E3B1C3797FC0027E9F0 /* Resources */,
			);
			buildRules = (
			);
			dependencies = (
				94858E3F1C3797FC0027E9F0 /* PBXTargetDependency */,
			);
			name = "Hello World Practice 02Tests";
			productName = "Hello World Practice 02Tests";
			productReference = 94858E3D1C3797FC0027E9F0 /* Hello World Practice 02Tests.xctest */;
			productType = "com.apple.product-type.bundle.unit-test";
		};
		94858E471C3797FC0027E9F0 /* Hello World Practice 02UITests */ = {
			isa = PBXNativeTarget;
			buildConfigurationList = 94858E571C3797FC0027E9F0 /* Build configuration list for PBXNativeTarget "Hello World Practice 02UITests" */;
			buildPhases = (
				94858E441C3797FC0027E9F0 /* Sources */,
				94858E451C3797FC0027E9F0 /* Frameworks */,
				94858E461C3797FC0027E9F0 /* Resources */,
			);
			buildRules = (
			);
			dependencies = (
				94858E4A1C3797FC0027E9F0 /* PBXTargetDependency */,
			);
			name = "Hello World Practice 02UITests";
			productName = "Hello World Practice 02UITests";
			productReference = 94858E481C3797FC0027E9F0 /* Hello World Practice 02UITests.xctest */;
			productType = "com.apple.product-type.bundle.ui-testing";
		};
/* End PBXNativeTarget section */

/* Begin PBXProject section */
		94858E211C3797FC0027E9F0 /* Project object */ = {
			isa = PBXProject;
			attributes = {
				LastSwiftUpdateCheck = 0720;
				LastUpgradeCheck = 0720;
				ORGANIZATIONNAME = "Geee Keeem";
				TargetAttributes = {
					94858E281C3797FC0027E9F0 = {
						CreatedOnToolsVersion = 7.2;
					};
					94858E3C1C3797FC0027E9F0 = {
						CreatedOnToolsVersion = 7.2;
						TestTargetID = 94858E281C3797FC0027E9F0;
					};
					94858E471C3797FC0027E9F0 = {
						CreatedOnToolsVersion = 7.2;
						TestTargetID = 94858E281C3797FC0027E9F0;
					};
				};
			};
			buildConfigurationList = 94858E241C3797FC0027E9F0 /* Build configuration list for PBXProject "Hello World Practice 02" */;
			compatibilityVersion = "Xcode 3.2";
			developmentRegion = English;
			hasScannedForEncodings = 0;
			knownRegions = (
				en,
				Base,
			);
			mainGroup = 94858E201C3797FC0027E9F0;
			productRefGroup = 94858E2A1C3797FC0027E9F0 /* Products */;
			projectDirPath = "";
			projectRoot = "";
			targets = (
				94858E281C3797FC0027E9F0 /* Hello World Practice 02 */,
				94858E3C1C3797FC0027E9F0 /* Hello World Practice 02Tests */,
				94858E471C3797FC0027E9F0 /* Hello World Practice 02UITests */,
			);
		};
/* End PBXProject section */

/* Begin PBXResourcesBuildPhase section */
		94858E271C3797FC0027E9F0 /* Resources */ = {
			isa = PBXResourcesBuildPhase;
			buildActionMask = 2147483647;
			files = (
				94858E371C3797FC0027E9F0 /* LaunchScreen.storyboard in Resources */,
				94858E341C3797FC0027E9F0 /* Assets.xcassets in Resources */,
				94858E321C3797FC0027E9F0 /* Main.storyboard in Resources */,
			);
			runOnlyForDeploymentPostprocessing = 0;
		};
		94858E3B1C3797FC0027E9F0 /* Resources */ = {
			isa = PBXResourcesBuildPhase;
			buildActionMask = 2147483647;
			files = (
			);
			runOnlyForDeploymentPostprocessing = 0;
		};
		94858E461C3797FC0027E9F0 /* Resources */ = {
			isa = PBXResourcesBuildPhase;
			buildActionMask = 2147483647;
			files = (
			);
			runOnlyForDeploymentPostprocessing = 0;
		};
/* End PBXResourcesBuildPhase section */

/* Begin PBXSourcesBuildPhase section */
		94858E251C3797FC0027E9F0 /* Sources */ = {
			isa = PBXSourcesBuildPhase;
			buildActionMask = 2147483647;
			files = (
				94858E2F1C3797FC0027E9F0 /* ViewController.swift in Sources */,
				94858E2D1C3797FC0027E9F0 /* AppDelegate.swift in Sources */,
			);
			runOnlyForDeploymentPostprocessing = 0;
		};
		94858E391C3797FC0027E9F0 /* Sources */ = {
			isa = PBXSourcesBuildPhase;
			buildActionMask = 2147483647;
			files = (
				94858E421C3797FC0027E9F0 /* Hello_World_Practice_02Tests.swift in Sources */,
			);
			runOnlyForDeploymentPostprocessing = 0;
		};
		94858E441C3797FC0027E9F0 /* Sources */ = {
			isa = PBXSourcesBuildPhase;
			buildActionMask = 2147483647;
			files = (
				94858E4D1C3797FC0027E9F0 /* Hello_World_Practice_02UITests.swift in Sources */,
			);
			runOnlyForDeploymentPostprocessing = 0;
		};
/* End PBXSourcesBuildPhase section */

/* Begin PBXTargetDependency section */
		94858E3F1C3797FC0027E9F0 /* PBXTargetDependency */ = {
			isa = PBXTargetDependency;
			target = 94858E281C3797FC0027E9F0 /* Hello World Practice 02 */;
			targetProxy = 94858E3E1C3797FC0027E9F0 /* PBXContainerItemProxy */;
		};
		94858E4A1C3797FC0027E9F0 /* PBXTargetDependency */ = {
			isa = PBXTargetDependency;
			target = 94858E281C3797FC0027E9F0 /* Hello World Practice 02 */;
			targetProxy = 94858E491C3797FC0027E9F0 /* PBXContainerItemProxy */;
		};
/* End PBXTargetDependency section */

/* Begin PBXVariantGroup section */
		94858E301C3797FC0027E9F0 /* Main.storyboard */ = {
			isa = PBXVariantGroup;
			children = (
				94858E311C3797FC0027E9F0 /* Base */,
			);
			name = Main.storyboard;
			sourceTree = "<group>";
		};
		94858E351C3797FC0027E9F0 /* LaunchScreen.storyboard */ = {
			isa = PBXVariantGroup;
			children = (
				94858E361C3797FC0027E9F0 /* Base */,
			);
			name = LaunchScreen.storyboard;
			sourceTree = "<group>";
		};
/* End PBXVariantGroup section */

/* Begin XCBuildConfiguration section */
		94858E4F1C3797FC0027E9F0 /* Debug */ = {
			isa = XCBuildConfiguration;
			buildSettings = {
				ALWAYS_SEARCH_USER_PATHS = NO;
				CLANG_CXX_LANGUAGE_STANDARD = "gnu++0x";
				CLANG_CXX_LIBRARY = "libc++";
				CLANG_ENABLE_MODULES = YES;
				CLANG_ENABLE_OBJC_ARC = YES;
				CLANG_WARN_BOOL_CONVERSION = YES;
				CLANG_WARN_CONSTANT_CONVERSION = YES;
				CLANG_WARN_DIRECT_OBJC_ISA_USAGE = YES_ERROR;
				CLANG_WARN_EMPTY_BODY = YES;
				CLANG_WARN_ENUM_CONVERSION = YES;
				CLANG_WARN_INT_CONVERSION = YES;
				CLANG_WARN_OBJC_ROOT_CLASS = YES_ERROR;
				CLANG_WARN_UNREACHABLE_CODE = YES;
				CLANG_WARN__DUPLICATE_METHOD_MATCH = YES;
				"CODE_SIGN_IDENTITY[sdk=iphoneos*]" = "iPhone Developer";
				COPY_PHASE_STRIP = NO;
				DEBUG_INFORMATION_FORMAT = dwarf;
				ENABLE_STRICT_OBJC_MSGSEND = YES;
				ENABLE_TESTABILITY = YES;
				GCC_C_LANGUAGE_STANDARD = gnu99;
				GCC_DYNAMIC_NO_PIC = NO;
				GCC_NO_COMMON_BLOCKS = YES;
				GCC_OPTIMIZATION_LEVEL = 0;
				GCC_PREPROCESSOR_DEFINITIONS = (
					"DEBUG=1",
					"$(inherited)",
				);
				GCC_WARN_64_TO_32_BIT_CONVERSION = YES;
				GCC_WARN_ABOUT_RETURN_TYPE = YES_ERROR;
				GCC_WARN_UNDECLARED_SELECTOR = YES;
				GCC_WARN_UNINITIALIZED_AUTOS = YES_AGGRESSIVE;
				GCC_WARN_UNUSED_FUNCTION = YES;
				GCC_WARN_UNUSED_VARIABLE = YES;
				IPHONEOS_DEPLOYMENT_TARGET = 9.2;
				MTL_ENABLE_DEBUG_INFO = YES;
				ONLY_ACTIVE_ARCH = YES;
				SDKROOT = iphoneos;
				SWIFT_OPTIMIZATION_LEVEL = "-Onone";
				TARGETED_DEVICE_FAMILY = "1,2";
			};
			name = Debug;
		};
		94858E501C3797FC0027E9F0 /* Release */ = {
			isa = XCBuildConfiguration;
			buildSettings = {
				ALWAYS_SEARCH_USER_PATHS = NO;
				CLANG_CXX_LANGUAGE_STANDARD = "gnu++0x";
				CLANG_CXX_LIBRARY = "libc++";
				CLANG_ENABLE_MODULES = YES;
				CLANG_ENABLE_OBJC_ARC = YES;
				CLANG_WARN_BOOL_CONVERSION = YES;
				CLANG_WARN_CONSTANT_CONVERSION = YES;
				CLANG_WARN_DIRECT_OBJC_ISA_USAGE = YES_ERROR;
				CLANG_WARN_EMPTY_BODY = YES;
				CLANG_WARN_ENUM_CONVERSION = YES;
				CLANG_WARN_INT_CONVERSION = YES;
				CLANG_WARN_OBJC_ROOT_CLASS = YES_ERROR;
				CLANG_WARN_UNREACHABLE_CODE = YES;
				CLANG_WARN__DUPLICATE_METHOD_MATCH = YES;
				"CODE_SIGN_IDENTITY[sdk=iphoneos*]" = "iPhone Developer";
				COPY_PHASE_STRIP = NO;
				DEBUG_INFORMATION_FORMAT = "dwarf-with-dsym";
				ENABLE_NS_ASSERTIONS = NO;
				ENABLE_STRICT_OBJC_MSGSEND = YES;
				GCC_C_LANGUAGE_STANDARD = gnu99;
				GCC_NO_COMMON_BLOCKS = YES;
				GCC_WARN_64_TO_32_BIT_CONVERSION = YES;
				GCC_WARN_ABOUT_RETURN_TYPE = YES_ERROR;
				GCC_WARN_UNDECLARED_SELECTOR = YES;
				GCC_WARN_UNINITIALIZED_AUTOS = YES_AGGRESSIVE;
				GCC_WARN_UNUSED_FUNCTION = YES;
				GCC_WARN_UNUSED_VARIABLE = YES;
				IPHONEOS_DEPLOYMENT_TARGET = 9.2;
				MTL_ENABLE_DEBUG_INFO = NO;
				SDKROOT = iphoneos;
				TARGETED_DEVICE_FAMILY = "1,2";
				VALIDATE_PRODUCT = YES;
			};
			name = Release;
		};
		94858E521C3797FC0027E9F0 /* Debug */ = {
			isa = XCBuildConfiguration;
			buildSettings = {
				ASSETCATALOG_COMPILER_APPICON_NAME = AppIcon;
				INFOPLIST_FILE = "Hello World Practice 02/Info.plist";
				LD_RUNPATH_SEARCH_PATHS = "$(inherited) @executable_path/Frameworks";
				PRODUCT_BUNDLE_IDENTIFIER = "Elise.JK.Hello-World-Practice-02";
				PRODUCT_NAME = "$(TARGET_NAME)";
			};
			name = Debug;
		};
		94858E531C3797FC0027E9F0 /* Release */ = {
			isa = XCBuildConfiguration;
			buildSettings = {
				ASSETCATALOG_COMPILER_APPICON_NAME = AppIcon;
				INFOPLIST_FILE = "Hello World Practice 02/Info.plist";
				LD_RUNPATH_SEARCH_PATHS = "$(inherited) @executable_path/Frameworks";
				PRODUCT_BUNDLE_IDENTIFIER = "Elise.JK.Hello-World-Practice-02";
				PRODUCT_NAME = "$(TARGET_NAME)";
			};
			name = Release;
		};
		94858E551C3797FC0027E9F0 /* Debug */ = {
			isa = XCBuildConfiguration;
			buildSettings = {
				BUNDLE_LOADER = "$(TEST_HOST)";
				INFOPLIST_FILE = "Hello World Practice 02Tests/Info.plist";
				LD_RUNPATH_SEARCH_PATHS = "$(inherited) @executable_path/Frameworks @loader_path/Frameworks";
				PRODUCT_BUNDLE_IDENTIFIER = "Elise.JK.Hello-World-Practice-02Tests";
				PRODUCT_NAME = "$(TARGET_NAME)";
				TEST_HOST = "$(BUILT_PRODUCTS_DIR)/Hello World Practice 02.app/Hello World Practice 02";
			};
			name = Debug;
		};
		94858E561C3797FC0027E9F0 /* Release */ = {
			isa = XCBuildConfiguration;
			buildSettings = {
				BUNDLE_LOADER = "$(TEST_HOST)";
				INFOPLIST_FILE = "Hello World Practice 02Tests/Info.plist";
				LD_RUNPATH_SEARCH_PATHS = "$(inherited) @executable_path/Frameworks @loader_path/Frameworks";
				PRODUCT_BUNDLE_IDENTIFIER = "Elise.JK.Hello-World-Practice-02Tests";
				PRODUCT_NAME = "$(TARGET_NAME)";
				TEST_HOST = "$(BUILT_PRODUCTS_DIR)/Hello World Practice 02.app/Hello World Practice 02";
			};
			name = Release;
		};
		94858E581C3797FC0027E9F0 /* Debug */ = {
			isa = XCBuildConfiguration;
			buildSettings = {
				INFOPLIST_FILE = "Hello World Practice 02UITests/Info.plist";
				LD_RUNPATH_SEARCH_PATHS = "$(inherited) @executable_path/Frameworks @loader_path/Frameworks";
				PRODUCT_BUNDLE_IDENTIFIER = "Elise.JK.Hello-World-Practice-02UITests";
				PRODUCT_NAME = "$(TARGET_NAME)";
				TEST_TARGET_NAME = "Hello World Practice 02";
				USES_XCTRUNNER = YES;
			};
			name = Debug;
		};
		94858E591C3797FC0027E9F0 /* Release */ = {
			isa = XCBuildConfiguration;
			buildSettings = {
				INFOPLIST_FILE = "Hello World Practice 02UITests/Info.plist";
				LD_RUNPATH_SEARCH_PATHS = "$(inherited) @executable_path/Frameworks @loader_path/Frameworks";
				PRODUCT_BUNDLE_IDENTIFIER = "Elise.JK.Hello-World-Practice-02UITests";
				PRODUCT_NAME = "$(TARGET_NAME)";
				TEST_TARGET_NAME = "Hello World Practice 02";
				USES_XCTRUNNER = YES;
			};
			name = Release;
		};
/* End XCBuildConfiguration section */

/* Begin XCConfigurationList section */
		94858E241C3797FC0027E9F0 /* Build configuration list for PBXProject "Hello World Practice 02" */ = {
			isa = XCConfigurationList;
			buildConfigurations = (
				94858E4F1C3797FC0027E9F0 /* Debug */,
				94858E501C3797FC0027E9F0 /* Release */,
			);
			defaultConfigurationIsVisible = 0;
			defaultConfigurationName = Release;
		};
		94858E511C3797FC0027E9F0 /* Build configuration list for PBXNativeTarget "Hello World Practice 02" */ = {
			isa = XCConfigurationList;
			buildConfigurations = (
				94858E521C3797FC0027E9F0 /* Debug */,
				94858E531C3797FC0027E9F0 /* Release */,
			);
			defaultConfigurationIsVisible = 0;
		};
		94858E541C3797FC0027E9F0 /* Build configuration list for PBXNativeTarget "Hello World Practice 02Tests" */ = {
			isa = XCConfigurationList;
			buildConfigurations = (
				94858E551C3797FC0027E9F0 /* Debug */,
				94858E561C3797FC0027E9F0 /* Release */,
			);
			defaultConfigurationIsVisible = 0;
		};
		94858E571C3797FC0027E9F0 /* Build configuration list for PBXNativeTarget "Hello World Practice 02UITests" */ = {
			isa = XCConfigurationList;
			buildConfigurations = (
				94858E581C3797FC0027E9F0 /* Debug */,
				94858E591C3797FC0027E9F0 /* Release */,
			);
			defaultConfigurationIsVisible = 0;
		};
/* End XCConfigurationList section */
	};
	rootObject = 94858E211C3797FC0027E9F0 /* Project object */;
}
